
Microsoft Visual Studio Solution File, Format Version 12.00
# Visual Studio Version 16
VisualStudioVersion = 16.0.30413.136
MinimumVisualStudioVersion = 10.0.40219.1
Project("{FAE04EC0-301F-11D3-BF4B-00C04F79EFBC}") = "DL", "DL\DL.csproj", "{8A0BE33C-985A-4E14-9AAE-827260406D83}"
EndProject
Project("{FAE04EC0-301F-11D3-BF4B-00C04F79EFBC}") = "Models", "Models\Models.csproj", "{14F5245D-4C9C-49E6-98F2-026583FB8C65}"
EndProject
Project("{FAE04EC0-301F-11D3-BF4B-00C04F79EFBC}") = "User_BL", "User_BL\User_BL.csproj", "{F55598ED-576A-4B32-BDBA-5D6780EB0063}"
EndProject
Project("{FAE04EC0-301F-11D3-BF4B-00C04F79EFBC}") = "RCM_V2", "RCM_V2\RCM_V2.csproj", "{C469E249-63DB-4269-8C85-2D50AD711965}"
EndProject
Project("{FAE04EC0-301F-11D3-BF4B-00C04F79EFBC}") = "Mall_BL", "Mall_BL\Mall_BL.csproj", "{AC938E87-BACB-4EEF-9D15-BDD2376E9D71}"
EndProject
Project("{FAE04EC0-301F-11D3-BF4B-00C04F79EFBC}") = "Shop_BL", "Shop_BL\Shop_BL.csproj", "{3E334C68-5F46-4282-B129-F9508ADDDA27}"
EndProject
Project("{FAE04EC0-301F-11D3-BF4B-00C04F79EFBC}") = "Message_BL", "Message_BL\Message_BL.csproj", "{DEC1BC1B-4EA1-4534-A353-FD7CDEB94141}"
EndProject
Project("{FAE04EC0-301F-11D3-BF4B-00C04F79EFBC}") = "ShopTemplate_BL", "ShopTemplate_BL\ShopTemplate_BL.csproj", "{E9F26C32-762C-4FA7-8F8D-A3950E335E3C}"
EndProject
Project("{FAE04EC0-301F-11D3-BF4B-00C04F79EFBC}") = "View_BL", "View_BL\View_BL.csproj", "{2B49D62C-B424-4E7C-B47D-CAF20B770CD2}"
EndProject
Project("{FAE04EC0-301F-11D3-BF4B-00C04F79EFBC}") = "OptionTemplate_BL", "OptionTemplate_BL\OptionTemplate_BL.csproj", "{ED425A7D-6C21-4DC1-AE1B-3B4FDE4A9BEC}"
EndProject
Project("{FAE04EC0-301F-11D3-BF4B-00C04F79EFBC}") = "Notice_BL", "Notice_BL\Notice_BL.csproj", "{37AF95EB-73B2-4345-BB74-DF10D898EE41}"
EndProject
Project("{FAE04EC0-301F-11D3-BF4B-00C04F79EFBC}") = "ExportField_BL", "ExportField_BL\ExportField_BL.csproj", "{8291B6F5-9A1B-46F6-BA31-8FC657C5B3A9}"
EndProject
Project("{FAE04EC0-301F-11D3-BF4B-00C04F79EFBC}") = "Option_BL", "Option_BL\Option_BL.csproj", "{65B8D6B3-17E8-4B94-8CA0-595328AFCB9E}"
EndProject
Project("{FAE04EC0-301F-11D3-BF4B-00C04F79EFBC}") = "Category_BL", "Category_BL\Category_BL.csproj", "{37136003-0D72-4CA3-A688-4336D8904056}"
EndProject
Global
	GlobalSection(SolutionConfigurationPlatforms) = preSolution
		Debug|Any CPU = Debug|Any CPU
		Release|Any CPU = Release|Any CPU
	EndGlobalSection
	GlobalSection(ProjectConfigurationPlatforms) = postSolution
		{8A0BE33C-985A-4E14-9AAE-827260406D83}.Debug|Any CPU.ActiveCfg = Debug|Any CPU
		{8A0BE33C-985A-4E14-9AAE-827260406D83}.Debug|Any CPU.Build.0 = Debug|Any CPU
		{8A0BE33C-985A-4E14-9AAE-827260406D83}.Release|Any CPU.ActiveCfg = Release|Any CPU
		{8A0BE33C-985A-4E14-9AAE-827260406D83}.Release|Any CPU.Build.0 = Release|Any CPU
		{14F5245D-4C9C-49E6-98F2-026583FB8C65}.Debug|Any CPU.ActiveCfg = Debug|Any CPU
		{14F5245D-4C9C-49E6-98F2-026583FB8C65}.Debug|Any CPU.Build.0 = Debug|Any CPU
		{14F5245D-4C9C-49E6-98F2-026583FB8C65}.Release|Any CPU.ActiveCfg = Release|Any CPU
		{14F5245D-4C9C-49E6-98F2-026583FB8C65}.Release|Any CPU.Build.0 = Release|Any CPU
		{F55598ED-576A-4B32-BDBA-5D6780EB0063}.Debug|Any CPU.ActiveCfg = Debug|Any CPU
		{F55598ED-576A-4B32-BDBA-5D6780EB0063}.Debug|Any CPU.Build.0 = Debug|Any CPU
		{F55598ED-576A-4B32-BDBA-5D6780EB0063}.Release|Any CPU.ActiveCfg = Release|Any CPU
		{F55598ED-576A-4B32-BDBA-5D6780EB0063}.Release|Any CPU.Build.0 = Release|Any CPU
		{C469E249-63DB-4269-8C85-2D50AD711965}.Debug|Any CPU.ActiveCfg = Debug|Any CPU
		{C469E249-63DB-4269-8C85-2D50AD711965}.Debug|Any CPU.Build.0 = Debug|Any CPU
		{C469E249-63DB-4269-8C85-2D50AD711965}.Release|Any CPU.ActiveCfg = Release|Any CPU
		{C469E249-63DB-4269-8C85-2D50AD711965}.Release|Any CPU.Build.0 = Release|Any CPU
		{AC938E87-BACB-4EEF-9D15-BDD2376E9D71}.Debug|Any CPU.ActiveCfg = Debug|Any CPU
		{AC938E87-BACB-4EEF-9D15-BDD2376E9D71}.Debug|Any CPU.Build.0 = Debug|Any CPU
		{AC938E87-BACB-4EEF-9D15-BDD2376E9D71}.Release|Any CPU.ActiveCfg = Release|Any CPU
		{AC938E87-BACB-4EEF-9D15-BDD2376E9D71}.Release|Any CPU.Build.0 = Release|Any CPU
		{3E334C68-5F46-4282-B129-F9508ADDDA27}.Debug|Any CPU.ActiveCfg = Debug|Any CPU
		{3E334C68-5F46-4282-B129-F9508ADDDA27}.Debug|Any CPU.Build.0 = Debug|Any CPU
		{3E334C68-5F46-4282-B129-F9508ADDDA27}.Release|Any CPU.ActiveCfg = Release|Any CPU
		{3E334C68-5F46-4282-B129-F9508ADDDA27}.Release|Any CPU.Build.0 = Release|Any CPU
		{DEC1BC1B-4EA1-4534-A353-FD7CDEB94141}.Debug|Any CPU.ActiveCfg = Debug|Any CPU
		{DEC1BC1B-4EA1-4534-A353-FD7CDEB94141}.Debug|Any CPU.Build.0 = Debug|Any CPU
		{DEC1BC1B-4EA1-4534-A353-FD7CDEB94141}.Release|Any CPU.ActiveCfg = Release|Any CPU
		{DEC1BC1B-4EA1-4534-A353-FD7CDEB94141}.Release|Any CPU.Build.0 = Release|Any CPU
		{E9F26C32-762C-4FA7-8F8D-A3950E335E3C}.Debug|Any CPU.ActiveCfg = Debug|Any CPU
		{E9F26C32-762C-4FA7-8F8D-A3950E335E3C}.Debug|Any CPU.Build.0 = Debug|Any CPU
		{E9F26C32-762C-4FA7-8F8D-A3950E335E3C}.Release|Any CPU.ActiveCfg = Release|Any CPU
		{E9F26C32-762C-4FA7-8F8D-A3950E335E3C}.Release|Any CPU.Build.0 = Release|Any CPU
		{2B49D62C-B424-4E7C-B47D-CAF20B770CD2}.Debug|Any CPU.ActiveCfg = Debug|Any CPU
		{2B49D62C-B424-4E7C-B47D-CAF20B770CD2}.Debug|Any CPU.Build.0 = Debug|Any CPU
		{2B49D62C-B424-4E7C-B47D-CAF20B770CD2}.Release|Any CPU.ActiveCfg = Release|Any CPU
		{2B49D62C-B424-4E7C-B47D-CAF20B770CD2}.Release|Any CPU.Build.0 = Release|Any CPU
		{ED425A7D-6C21-4DC1-AE1B-3B4FDE4A9BEC}.Debug|Any CPU.ActiveCfg = Debug|Any CPU
		{ED425A7D-6C21-4DC1-AE1B-3B4FDE4A9BEC}.Debug|Any CPU.Build.0 = Debug|Any CPU
		{ED425A7D-6C21-4DC1-AE1B-3B4FDE4A9BEC}.Release|Any CPU.ActiveCfg = Release|Any CPU
		{ED425A7D-6C21-4DC1-AE1B-3B4FDE4A9BEC}.Release|Any CPU.Build.0 = Release|Any CPU
		{37AF95EB-73B2-4345-BB74-DF10D898EE41}.Debug|Any CPU.ActiveCfg = Debug|Any CPU
		{37AF95EB-73B2-4345-BB74-DF10D898EE41}.Debug|Any CPU.Build.0 = Debug|Any CPU
		{37AF95EB-73B2-4345-BB74-DF10D898EE41}.Release|Any CPU.ActiveCfg = Release|Any CPU
		{37AF95EB-73B2-4345-BB74-DF10D898EE41}.Release|Any CPU.Build.0 = Release|Any CPU
		{8291B6F5-9A1B-46F6-BA31-8FC657C5B3A9}.Debug|Any CPU.ActiveCfg = Debug|Any CPU
		{8291B6F5-9A1B-46F6-BA31-8FC657C5B3A9}.Debug|Any CPU.Build.0 = Debug|Any CPU
		{8291B6F5-9A1B-46F6-BA31-8FC657C5B3A9}.Release|Any CPU.ActiveCfg = Release|Any CPU
		{8291B6F5-9A1B-46F6-BA31-8FC657C5B3A9}.Release|Any CPU.Build.0 = Release|Any CPU
		{65B8D6B3-17E8-4B94-8CA0-595328AFCB9E}.Debug|Any CPU.ActiveCfg = Debug|Any CPU
		{65B8D6B3-17E8-4B94-8CA0-595328AFCB9E}.Debug|Any CPU.Build.0 = Debug|Any CPU
		{65B8D6B3-17E8-4B94-8CA0-595328AFCB9E}.Release|Any CPU.ActiveCfg = Release|Any CPU
		{65B8D6B3-17E8-4B94-8CA0-595328AFCB9E}.Release|Any CPU.Build.0 = Release|Any CPU
		{37136003-0D72-4CA3-A688-4336D8904056}.Debug|Any CPU.ActiveCfg = Debug|Any CPU
		{37136003-0D72-4CA3-A688-4336D8904056}.Debug|Any CPU.Build.0 = Debug|Any CPU
		{37136003-0D72-4CA3-A688-4336D8904056}.Release|Any CPU.ActiveCfg = Release|Any CPU
		{37136003-0D72-4CA3-A688-4336D8904056}.Release|Any CPU.Build.0 = Release|Any CPU
	EndGlobalSection
	GlobalSection(SolutionProperties) = preSolution
		HideSolutionNode = FALSE
	EndGlobalSection
	GlobalSection(ExtensibilityGlobals) = postSolution
		SolutionGuid = {37593525-5B83-4BED-B180-BB681F5944C6}
	EndGlobalSection
EndGlobal
